<?xml version="1.0" encoding="utf-8"?>
<Project ToolsVersion="4.0" xmlns="http://schemas.microsoft.com/developer/msbuild/2003">
  <ItemGroup>
    <ClCompile Include="CFApplicationPreferences.c" />
    <ClCompile Include="CFArray.c" />
    <ClCompile Include="CFBag.c" />
    <ClCompile Include="CFBase.c" />
    <ClCompile Include="CFBasicHash.c" />
    <ClCompile Include="CFBigNumber.c" />
    <ClCompile Include="CFBinaryHeap.c" />
    <ClCompile Include="CFBinaryPList.c" />
    <ClCompile Include="CFBitVector.c" />
    <ClCompile Include="CFBuiltinConverters.c" />
    <ClCompile Include="CFBundle.c" />
    <ClCompile Include="CFBundle_Resources.c" />
    <ClCompile Include="CFBurstTrie.c" />
    <ClCompile Include="CFCalendar.c" />
    <ClCompile Include="CFCharacterSet.c" />
    <ClCompile Include="CFConcreteStreams.c" />
    <ClCompile Include="CFData.c" />
    <ClCompile Include="CFDate.c" />
    <ClCompile Include="CFDateFormatter.c" />
    <ClCompile Include="CFDictionary.c" />
    <ClCompile Include="CFError.c" />
    <ClCompile Include="CFFileDescriptor.c" />
    <ClCompile Include="CFFileUtilities.c" />
    <ClCompile Include="CFICUConverters.c" />
    <ClCompile Include="CFLocale.c" />
    <ClCompile Include="CFLocaleIdentifier.c" />
    <ClCompile Include="CFLocaleKeys.c" />
    <ClCompile Include="CFMachPort.c" />
    <ClCompile Include="CFMessagePort.c" />
    <ClCompile Include="CFNotificationCenter.c" />
    <ClCompile Include="CFNumber.c" />
    <ClCompile Include="CFNumberFormatter.c" />
    <ClCompile Include="CFOldStylePList.c" />
    <ClCompile Include="CFPlatform.c" />
    <ClCompile Include="CFPlatformConverters.c" />
    <ClCompile Include="CFPlugIn.c" />
    <ClCompile Include="CFPlugIn_Factory.c" />
    <ClCompile Include="CFPlugIn_Instance.c" />
    <ClCompile Include="CFPlugIn_PlugIn.c" />
    <ClCompile Include="CFPreferences.c" />
    <ClCompile Include="CFPropertyList.c" />
    <ClCompile Include="CFRunLoop.c" />
    <ClCompile Include="CFRuntime.c" />
    <ClCompile Include="CFSet.c" />
    <ClCompile Include="CFSocket.c" />
    <ClCompile Include="CFSocketStream.c" />
    <ClCompile Include="CFSortFunctions.c" />
    <ClCompile Include="CFStorage.c" />
    <ClCompile Include="CFStream.c" />
    <ClCompile Include="CFString.c" />
    <ClCompile Include="CFStringEncodingConverter.c" />
    <ClCompile Include="CFStringEncodingDatabase.c" />
    <ClCompile Include="CFStringEncodings.c" />
    <ClCompile Include="CFStringScanner.c" />
    <ClCompile Include="CFStringUtilities.c" />
    <ClCompile Include="CFSystemDirectories.c" />
    <ClCompile Include="CFTimeZone.c" />
    <ClCompile Include="CFTree.c" />
    <ClCompile Include="CFURL.c" />
    <ClCompile Include="CFURLAccess.c" />
    <ClCompile Include="CFUUID.c" />
    <ClCompile Include="CFUniChar.c" />
    <ClCompile Include="CFUnicodeDecomposition.c" />
    <ClCompile Include="CFUnicodePrecomposition.c" />
    <ClCompile Include="CFUserNotification.c" />
    <ClCompile Include="CFUtilities.c" />
    <ClCompile Include="CFVersion.c" />
    <ClCompile Include="CFWindowsMessageQueue.c" />
    <ClCompile Include="CFWindowsUtilities.c" />
    <ClCompile Include="CFXMLInputStream.c" />
    <ClCompile Include="CFXMLNode.c" />
    <ClCompile Include="CFXMLParser.c" />
    <ClCompile Include="CFXMLPreferencesDomain.c" />
    <ClCompile Include="CFXMLTree.c" />
  </ItemGroup>
</Project>
